// !$*UTF8*$!
{
	archiveVersion = 1;
	classes = {
	};
	objectVersion = 52;
	objects = {

/* Begin PBXBuildFile section */
		9D01517A23A0289B002AD216 /* ReedButton.swift in Sources */ = {isa = PBXBuildFile; fileRef = 9D01517923A0289B002AD216 /* ReedButton.swift */; };
		9D01518023A40B79002AD216 /* NewsWebService.swift in Sources */ = {isa = PBXBuildFile; fileRef = 9D01517F23A40B79002AD216 /* NewsWebService.swift */; };
		9D01518423A7FCEC002AD216 /* Agent.swift in Sources */ = {isa = PBXBuildFile; fileRef = 9D01518323A7FCEC002AD216 /* Agent.swift */; };
		9D01518823A8056F002AD216 /* Reed.xcdatamodeld in Sources */ = {isa = PBXBuildFile; fileRef = 9D01518623A8056F002AD216 /* Reed.xcdatamodeld */; };
		9D01518A23A80CE6002AD216 /* Article.swift in Sources */ = {isa = PBXBuildFile; fileRef = 9D01518923A80CE6002AD216 /* Article.swift */; };
		9D01518C23A8102B002AD216 /* Source.swift in Sources */ = {isa = PBXBuildFile; fileRef = 9D01518B23A8102B002AD216 /* Source.swift */; };
		9D01518E23A81216002AD216 /* CoreDataStack.swift in Sources */ = {isa = PBXBuildFile; fileRef = 9D01518D23A81216002AD216 /* CoreDataStack.swift */; };
		9D01519023A84698002AD216 /* String+Extension.swift in Sources */ = {isa = PBXBuildFile; fileRef = 9D01518F23A84698002AD216 /* String+Extension.swift */; };
		9D01519223A84B7B002AD216 /* CodingUserInfoKey+Extension.swift in Sources */ = {isa = PBXBuildFile; fileRef = 9D01519123A84B7B002AD216 /* CodingUserInfoKey+Extension.swift */; };
		9D01519523A85685002AD216 /* FeedViewModel.swift in Sources */ = {isa = PBXBuildFile; fileRef = 9D01519423A85685002AD216 /* FeedViewModel.swift */; };
		9D01519923A98C4F002AD216 /* Manageable.swift in Sources */ = {isa = PBXBuildFile; fileRef = 9D01519823A98C4F002AD216 /* Manageable.swift */; };
		9D27CF1B23AAB2A400C9BA80 /* FeedCell.swift in Sources */ = {isa = PBXBuildFile; fileRef = 9D27CF1A23AAB2A300C9BA80 /* FeedCell.swift */; };
		9D27CF1D23AADAB900C9BA80 /* TopHeadlinesResponse.swift in Sources */ = {isa = PBXBuildFile; fileRef = 9D27CF1C23AADAB900C9BA80 /* TopHeadlinesResponse.swift */; };
		9D27CF2423AC35BF00C9BA80 /* ReedViewModel.swift in Sources */ = {isa = PBXBuildFile; fileRef = 9D27CF2323AC35BF00C9BA80 /* ReedViewModel.swift */; };
		9D27CF2923AC4B3700C9BA80 /* CancelBag in Frameworks */ = {isa = PBXBuildFile; productRef = 9D27CF2823AC4B3700C9BA80 /* CancelBag */; };
		9D2A11FF23C5369700086232 /* Safe.swift in Sources */ = {isa = PBXBuildFile; fileRef = 9D2A11FE23C5369700086232 /* Safe.swift */; };
		9D2A120123C93E4D00086232 /* ArticleViewModel.swift in Sources */ = {isa = PBXBuildFile; fileRef = 9D2A120023C93E4D00086232 /* ArticleViewModel.swift */; };
		9D2A120323C9437000086232 /* ArticleImage.swift in Sources */ = {isa = PBXBuildFile; fileRef = 9D2A120223C9437000086232 /* ArticleImage.swift */; };
		9D2A120523C953B600086232 /* ArticleView.swift in Sources */ = {isa = PBXBuildFile; fileRef = 9D2A120423C953B600086232 /* ArticleView.swift */; };
		9D9DCA6B2374A7A800BDEAE4 /* UserSettings.swift in Sources */ = {isa = PBXBuildFile; fileRef = 9D9DCA6A2374A7A800BDEAE4 /* UserSettings.swift */; };
		9D9DCA6D2374AA9400BDEAE4 /* ReedTabsView.swift in Sources */ = {isa = PBXBuildFile; fileRef = 9D9DCA6C2374AA9400BDEAE4 /* ReedTabsView.swift */; };
		9D9DCA6F2374AAAF00BDEAE4 /* OnboardingView.swift in Sources */ = {isa = PBXBuildFile; fileRef = 9D9DCA6E2374AAAF00BDEAE4 /* OnboardingView.swift */; };
		9D9DCA712375E69600BDEAE4 /* SettingsView.swift in Sources */ = {isa = PBXBuildFile; fileRef = 9D9DCA702375E69600BDEAE4 /* SettingsView.swift */; };
		9D9DCA732375EA2500BDEAE4 /* NewPostView.swift in Sources */ = {isa = PBXBuildFile; fileRef = 9D9DCA722375EA2500BDEAE4 /* NewPostView.swift */; };
		9D9DCA752375EA3E00BDEAE4 /* FeedView.swift in Sources */ = {isa = PBXBuildFile; fileRef = 9D9DCA742375EA3E00BDEAE4 /* FeedView.swift */; };
		9D9DCA782375F2FC00BDEAE4 /* ReedNavigationLink.swift in Sources */ = {isa = PBXBuildFile; fileRef = 9D9DCA772375F2FC00BDEAE4 /* ReedNavigationLink.swift */; };
		9D9DCA7B2375F73F00BDEAE4 /* View+Extension.swift in Sources */ = {isa = PBXBuildFile; fileRef = 9D9DCA7A2375F73F00BDEAE4 /* View+Extension.swift */; };
		9D9DCA7F2376284900BDEAE4 /* ReedHiddenNavBarView.swift in Sources */ = {isa = PBXBuildFile; fileRef = 9D9DCA7E2376284900BDEAE4 /* ReedHiddenNavBarView.swift */; };
		9DD9227123749D8B00313210 /* AppDelegate.swift in Sources */ = {isa = PBXBuildFile; fileRef = 9DD9227023749D8B00313210 /* AppDelegate.swift */; };
		9DD9227323749D8B00313210 /* SceneDelegate.swift in Sources */ = {isa = PBXBuildFile; fileRef = 9DD9227223749D8B00313210 /* SceneDelegate.swift */; };
		9DD9227523749D8B00313210 /* ContentView.swift in Sources */ = {isa = PBXBuildFile; fileRef = 9DD9227423749D8B00313210 /* ContentView.swift */; };
		9DD9227723749D8E00313210 /* Assets.xcassets in Resources */ = {isa = PBXBuildFile; fileRef = 9DD9227623749D8E00313210 /* Assets.xcassets */; };
		9DD9227A23749D8E00313210 /* Preview Assets.xcassets in Resources */ = {isa = PBXBuildFile; fileRef = 9DD9227923749D8E00313210 /* Preview Assets.xcassets */; };
		9DD9227D23749D8E00313210 /* LaunchScreen.storyboard in Resources */ = {isa = PBXBuildFile; fileRef = 9DD9227B23749D8E00313210 /* LaunchScreen.storyboard */; };
		9DD9228823749D8E00313210 /* ReedTests.swift in Sources */ = {isa = PBXBuildFile; fileRef = 9DD9228723749D8E00313210 /* ReedTests.swift */; };
		9DD9229323749D8E00313210 /* ReedUITests.swift in Sources */ = {isa = PBXBuildFile; fileRef = 9DD9229223749D8E00313210 /* ReedUITests.swift */; };
/* End PBXBuildFile section */

/* Begin PBXContainerItemProxy section */
		9DD9228423749D8E00313210 /* PBXContainerItemProxy */ = {
			isa = PBXContainerItemProxy;
			containerPortal = 9DD9226523749D8B00313210 /* Project object */;
			proxyType = 1;
			remoteGlobalIDString = 9DD9226C23749D8B00313210;
			remoteInfo = Reed;
		};
		9DD9228F23749D8E00313210 /* PBXContainerItemProxy */ = {
			isa = PBXContainerItemProxy;
			containerPortal = 9DD9226523749D8B00313210 /* Project object */;
			proxyType = 1;
			remoteGlobalIDString = 9DD9226C23749D8B00313210;
			remoteInfo = Reed;
		};
/* End PBXContainerItemProxy section */

/* Begin PBXFileReference section */
		9D01517923A0289B002AD216 /* ReedButton.swift */ = {isa = PBXFileReference; lastKnownFileType = sourcecode.swift; path = ReedButton.swift; sourceTree = "<group>"; };
		9D01517F23A40B79002AD216 /* NewsWebService.swift */ = {isa = PBXFileReference; lastKnownFileType = sourcecode.swift; path = NewsWebService.swift; sourceTree = "<group>"; };
		9D01518123A40BBA002AD216 /* README.md */ = {isa = PBXFileReference; lastKnownFileType = net.daringfireball.markdown; path = README.md; sourceTree = "<group>"; };
		9D01518323A7FCEC002AD216 /* Agent.swift */ = {isa = PBXFileReference; lastKnownFileType = sourcecode.swift; path = Agent.swift; sourceTree = "<group>"; };
		9D01518723A8056F002AD216 /* Model.xcdatamodel */ = {isa = PBXFileReference; lastKnownFileType = wrapper.xcdatamodel; path = Model.xcdatamodel; sourceTree = "<group>"; };
		9D01518923A80CE6002AD216 /* Article.swift */ = {isa = PBXFileReference; lastKnownFileType = sourcecode.swift; path = Article.swift; sourceTree = "<group>"; };
		9D01518B23A8102B002AD216 /* Source.swift */ = {isa = PBXFileReference; lastKnownFileType = sourcecode.swift; path = Source.swift; sourceTree = "<group>"; };
		9D01518D23A81216002AD216 /* CoreDataStack.swift */ = {isa = PBXFileReference; lastKnownFileType = sourcecode.swift; path = CoreDataStack.swift; sourceTree = "<group>"; };
		9D01518F23A84698002AD216 /* String+Extension.swift */ = {isa = PBXFileReference; lastKnownFileType = sourcecode.swift; path = "String+Extension.swift"; sourceTree = "<group>"; };
		9D01519123A84B7B002AD216 /* CodingUserInfoKey+Extension.swift */ = {isa = PBXFileReference; lastKnownFileType = sourcecode.swift; path = "CodingUserInfoKey+Extension.swift"; sourceTree = "<group>"; };
		9D01519423A85685002AD216 /* FeedViewModel.swift */ = {isa = PBXFileReference; lastKnownFileType = sourcecode.swift; path = FeedViewModel.swift; sourceTree = "<group>"; };
		9D01519823A98C4F002AD216 /* Manageable.swift */ = {isa = PBXFileReference; lastKnownFileType = sourcecode.swift; path = Manageable.swift; sourceTree = "<group>"; };
		9D27CF1A23AAB2A300C9BA80 /* FeedCell.swift */ = {isa = PBXFileReference; lastKnownFileType = sourcecode.swift; path = FeedCell.swift; sourceTree = "<group>"; };
		9D27CF1C23AADAB900C9BA80 /* TopHeadlinesResponse.swift */ = {isa = PBXFileReference; lastKnownFileType = sourcecode.swift; path = TopHeadlinesResponse.swift; sourceTree = "<group>"; };
		9D27CF2323AC35BF00C9BA80 /* ReedViewModel.swift */ = {isa = PBXFileReference; lastKnownFileType = sourcecode.swift; path = ReedViewModel.swift; sourceTree = "<group>"; };
		9D2A11FE23C5369700086232 /* Safe.swift */ = {isa = PBXFileReference; lastKnownFileType = sourcecode.swift; path = Safe.swift; sourceTree = "<group>"; };
		9D2A120023C93E4D00086232 /* ArticleViewModel.swift */ = {isa = PBXFileReference; lastKnownFileType = sourcecode.swift; path = ArticleViewModel.swift; sourceTree = "<group>"; };
		9D2A120223C9437000086232 /* ArticleImage.swift */ = {isa = PBXFileReference; lastKnownFileType = sourcecode.swift; path = ArticleImage.swift; sourceTree = "<group>"; };
		9D2A120423C953B600086232 /* ArticleView.swift */ = {isa = PBXFileReference; lastKnownFileType = sourcecode.swift; path = ArticleView.swift; sourceTree = "<group>"; };
		9D9DCA6A2374A7A800BDEAE4 /* UserSettings.swift */ = {isa = PBXFileReference; lastKnownFileType = sourcecode.swift; path = UserSettings.swift; sourceTree = "<group>"; };
		9D9DCA6C2374AA9400BDEAE4 /* ReedTabsView.swift */ = {isa = PBXFileReference; lastKnownFileType = sourcecode.swift; path = ReedTabsView.swift; sourceTree = "<group>"; };
		9D9DCA6E2374AAAF00BDEAE4 /* OnboardingView.swift */ = {isa = PBXFileReference; lastKnownFileType = sourcecode.swift; path = OnboardingView.swift; sourceTree = "<group>"; };
		9D9DCA702375E69600BDEAE4 /* SettingsView.swift */ = {isa = PBXFileReference; lastKnownFileType = sourcecode.swift; path = SettingsView.swift; sourceTree = "<group>"; };
		9D9DCA722375EA2500BDEAE4 /* NewPostView.swift */ = {isa = PBXFileReference; lastKnownFileType = sourcecode.swift; path = NewPostView.swift; sourceTree = "<group>"; };
		9D9DCA742375EA3E00BDEAE4 /* FeedView.swift */ = {isa = PBXFileReference; lastKnownFileType = sourcecode.swift; path = FeedView.swift; sourceTree = "<group>"; };
		9D9DCA772375F2FC00BDEAE4 /* ReedNavigationLink.swift */ = {isa = PBXFileReference; lastKnownFileType = sourcecode.swift; path = ReedNavigationLink.swift; sourceTree = "<group>"; };
		9D9DCA7A2375F73F00BDEAE4 /* View+Extension.swift */ = {isa = PBXFileReference; lastKnownFileType = sourcecode.swift; path = "View+Extension.swift"; sourceTree = "<group>"; };
		9D9DCA7E2376284900BDEAE4 /* ReedHiddenNavBarView.swift */ = {isa = PBXFileReference; lastKnownFileType = sourcecode.swift; path = ReedHiddenNavBarView.swift; sourceTree = "<group>"; };
		9DD9226D23749D8B00313210 /* Reed.app */ = {isa = PBXFileReference; explicitFileType = wrapper.application; includeInIndex = 0; path = Reed.app; sourceTree = BUILT_PRODUCTS_DIR; };
		9DD9227023749D8B00313210 /* AppDelegate.swift */ = {isa = PBXFileReference; lastKnownFileType = sourcecode.swift; path = AppDelegate.swift; sourceTree = "<group>"; };
		9DD9227223749D8B00313210 /* SceneDelegate.swift */ = {isa = PBXFileReference; lastKnownFileType = sourcecode.swift; path = SceneDelegate.swift; sourceTree = "<group>"; };
		9DD9227423749D8B00313210 /* ContentView.swift */ = {isa = PBXFileReference; lastKnownFileType = sourcecode.swift; path = ContentView.swift; sourceTree = "<group>"; };
		9DD9227623749D8E00313210 /* Assets.xcassets */ = {isa = PBXFileReference; lastKnownFileType = folder.assetcatalog; path = Assets.xcassets; sourceTree = "<group>"; };
		9DD9227923749D8E00313210 /* Preview Assets.xcassets */ = {isa = PBXFileReference; lastKnownFileType = folder.assetcatalog; path = "Preview Assets.xcassets"; sourceTree = "<group>"; };
		9DD9227C23749D8E00313210 /* Base */ = {isa = PBXFileReference; lastKnownFileType = file.storyboard; name = Base; path = Base.lproj/LaunchScreen.storyboard; sourceTree = "<group>"; };
		9DD9227E23749D8E00313210 /* Info.plist */ = {isa = PBXFileReference; lastKnownFileType = text.plist.xml; path = Info.plist; sourceTree = "<group>"; };
		9DD9228323749D8E00313210 /* ReedTests.xctest */ = {isa = PBXFileReference; explicitFileType = wrapper.cfbundle; includeInIndex = 0; path = ReedTests.xctest; sourceTree = BUILT_PRODUCTS_DIR; };
		9DD9228723749D8E00313210 /* ReedTests.swift */ = {isa = PBXFileReference; lastKnownFileType = sourcecode.swift; path = ReedTests.swift; sourceTree = "<group>"; };
		9DD9228923749D8E00313210 /* Info.plist */ = {isa = PBXFileReference; lastKnownFileType = text.plist.xml; path = Info.plist; sourceTree = "<group>"; };
		9DD9228E23749D8E00313210 /* ReedUITests.xctest */ = {isa = PBXFileReference; explicitFileType = wrapper.cfbundle; includeInIndex = 0; path = ReedUITests.xctest; sourceTree = BUILT_PRODUCTS_DIR; };
		9DD9229223749D8E00313210 /* ReedUITests.swift */ = {isa = PBXFileReference; lastKnownFileType = sourcecode.swift; path = ReedUITests.swift; sourceTree = "<group>"; };
		9DD9229423749D8E00313210 /* Info.plist */ = {isa = PBXFileReference; lastKnownFileType = text.plist.xml; path = Info.plist; sourceTree = "<group>"; };
/* End PBXFileReference section */

/* Begin PBXFrameworksBuildPhase section */
		9DD9226A23749D8B00313210 /* Frameworks */ = {
			isa = PBXFrameworksBuildPhase;
			buildActionMask = 2147483647;
			files = (
				9D27CF2923AC4B3700C9BA80 /* CancelBag in Frameworks */,
			);
			runOnlyForDeploymentPostprocessing = 0;
		};
		9DD9228023749D8E00313210 /* Frameworks */ = {
			isa = PBXFrameworksBuildPhase;
			buildActionMask = 2147483647;
			files = (
			);
			runOnlyForDeploymentPostprocessing = 0;
		};
		9DD9228B23749D8E00313210 /* Frameworks */ = {
			isa = PBXFrameworksBuildPhase;
			buildActionMask = 2147483647;
			files = (
			);
			runOnlyForDeploymentPostprocessing = 0;
		};
/* End PBXFrameworksBuildPhase section */

/* Begin PBXGroup section */
		9D01518223A7FCC1002AD216 /* network */ = {
			isa = PBXGroup;
			children = (
				9D01518323A7FCEC002AD216 /* Agent.swift */,
			);
			path = network;
			sourceTree = "<group>";
		};
		9D01518523A80543002AD216 /* models */ = {
			isa = PBXGroup;
			children = (
				9D586A1823C3ACED008778F0 /* database */,
				9D01518923A80CE6002AD216 /* Article.swift */,
				9D01518B23A8102B002AD216 /* Source.swift */,
				9D27CF1C23AADAB900C9BA80 /* TopHeadlinesResponse.swift */,
			);
			path = models;
			sourceTree = "<group>";
		};
		9D01519323A85671002AD216 /* viewmodels */ = {
			isa = PBXGroup;
			children = (
				9D27CF2323AC35BF00C9BA80 /* ReedViewModel.swift */,
				9D01519423A85685002AD216 /* FeedViewModel.swift */,
				9D2A120023C93E4D00086232 /* ArticleViewModel.swift */,
			);
			path = viewmodels;
			sourceTree = "<group>";
		};
		9D586A1823C3ACED008778F0 /* database */ = {
			isa = PBXGroup;
			children = (
				9D01519823A98C4F002AD216 /* Manageable.swift */,
				9D01518623A8056F002AD216 /* Reed.xcdatamodeld */,
				9D01518D23A81216002AD216 /* CoreDataStack.swift */,
				9D2A11FE23C5369700086232 /* Safe.swift */,
			);
			path = database;
			sourceTree = "<group>";
		};
		9D9DCA622374A53D00BDEAE4 /* onboarding */ = {
			isa = PBXGroup;
			children = (
				9D9DCA6E2374AAAF00BDEAE4 /* OnboardingView.swift */,
			);
			path = onboarding;
			sourceTree = "<group>";
		};
		9D9DCA632374A55300BDEAE4 /* home */ = {
			isa = PBXGroup;
			children = (
				9D9DCA742375EA3E00BDEAE4 /* FeedView.swift */,
				9D2A120423C953B600086232 /* ArticleView.swift */,
				9D27CF1A23AAB2A300C9BA80 /* FeedCell.swift */,
				9D2A120223C9437000086232 /* ArticleImage.swift */,
			);
			path = home;
			sourceTree = "<group>";
		};
		9D9DCA642374A56000BDEAE4 /* add */ = {
			isa = PBXGroup;
			children = (
				9D9DCA722375EA2500BDEAE4 /* NewPostView.swift */,
			);
			path = add;
			sourceTree = "<group>";
		};
		9D9DCA652374A56600BDEAE4 /* settings */ = {
			isa = PBXGroup;
			children = (
				9D9DCA702375E69600BDEAE4 /* SettingsView.swift */,
			);
			path = settings;
			sourceTree = "<group>";
		};
		9D9DCA662374A56C00BDEAE4 /* ui */ = {
			isa = PBXGroup;
			children = (
				9D9DCA762375F2EC00BDEAE4 /* shared */,
				9D9DCA682374A5A400BDEAE4 /* tabs */,
				9D9DCA622374A53D00BDEAE4 /* onboarding */,
			);
			path = ui;
			sourceTree = "<group>";
		};
		9D9DCA672374A57A00BDEAE4 /* resources */ = {
			isa = PBXGroup;
			children = (
				9DD9227823749D8E00313210 /* Preview Content */,
				9DD9227623749D8E00313210 /* Assets.xcassets */,
				9DD9227B23749D8E00313210 /* LaunchScreen.storyboard */,
				9DD9227E23749D8E00313210 /* Info.plist */,
			);
			path = resources;
			sourceTree = "<group>";
		};
		9D9DCA682374A5A400BDEAE4 /* tabs */ = {
			isa = PBXGroup;
			children = (
				9D9DCA6C2374AA9400BDEAE4 /* ReedTabsView.swift */,
				9D9DCA652374A56600BDEAE4 /* settings */,
				9D9DCA642374A56000BDEAE4 /* add */,
				9D9DCA632374A55300BDEAE4 /* home */,
			);
			path = tabs;
			sourceTree = "<group>";
		};
		9D9DCA692374A78300BDEAE4 /* services */ = {
			isa = PBXGroup;
			children = (
				9D9DCA6A2374A7A800BDEAE4 /* UserSettings.swift */,
				9D01517F23A40B79002AD216 /* NewsWebService.swift */,
			);
			path = services;
			sourceTree = "<group>";
		};
		9D9DCA762375F2EC00BDEAE4 /* shared */ = {
			isa = PBXGroup;
			children = (
				9D9DCA772375F2FC00BDEAE4 /* ReedNavigationLink.swift */,
				9D01517923A0289B002AD216 /* ReedButton.swift */,
				9D9DCA7E2376284900BDEAE4 /* ReedHiddenNavBarView.swift */,
			);
			path = shared;
			sourceTree = "<group>";
		};
		9D9DCA792375F72B00BDEAE4 /* extensions */ = {
			isa = PBXGroup;
			children = (
				9D9DCA7A2375F73F00BDEAE4 /* View+Extension.swift */,
				9D01518F23A84698002AD216 /* String+Extension.swift */,
				9D01519123A84B7B002AD216 /* CodingUserInfoKey+Extension.swift */,
			);
			path = extensions;
			sourceTree = "<group>";
		};
		9DD9226423749D8B00313210 = {
			isa = PBXGroup;
			children = (
				9D01518123A40BBA002AD216 /* README.md */,
				9DD9226F23749D8B00313210 /* Reed */,
				9DD9228623749D8E00313210 /* ReedTests */,
				9DD9229123749D8E00313210 /* ReedUITests */,
				9DD9226E23749D8B00313210 /* Products */,
			);
			sourceTree = "<group>";
		};
		9DD9226E23749D8B00313210 /* Products */ = {
			isa = PBXGroup;
			children = (
				9DD9226D23749D8B00313210 /* Reed.app */,
				9DD9228323749D8E00313210 /* ReedTests.xctest */,
				9DD9228E23749D8E00313210 /* ReedUITests.xctest */,
			);
			name = Products;
			sourceTree = "<group>";
		};
		9DD9226F23749D8B00313210 /* Reed */ = {
			isa = PBXGroup;
			children = (
				9DD9227023749D8B00313210 /* AppDelegate.swift */,
				9DD9227223749D8B00313210 /* SceneDelegate.swift */,
				9DD9227423749D8B00313210 /* ContentView.swift */,
				9D9DCA662374A56C00BDEAE4 /* ui */,
				9D01519323A85671002AD216 /* viewmodels */,
				9D01518523A80543002AD216 /* models */,
				9D01518223A7FCC1002AD216 /* network */,
				9D9DCA692374A78300BDEAE4 /* services */,
				9D9DCA672374A57A00BDEAE4 /* resources */,
				9D9DCA792375F72B00BDEAE4 /* extensions */,
			);
			path = Reed;
			sourceTree = "<group>";
		};
		9DD9227823749D8E00313210 /* Preview Content */ = {
			isa = PBXGroup;
			children = (
				9DD9227923749D8E00313210 /* Preview Assets.xcassets */,
			);
			path = "Preview Content";
			sourceTree = "<group>";
		};
		9DD9228623749D8E00313210 /* ReedTests */ = {
			isa = PBXGroup;
			children = (
				9DD9228723749D8E00313210 /* ReedTests.swift */,
				9DD9228923749D8E00313210 /* Info.plist */,
			);
			path = ReedTests;
			sourceTree = "<group>";
		};
		9DD9229123749D8E00313210 /* ReedUITests */ = {
			isa = PBXGroup;
			children = (
				9DD9229223749D8E00313210 /* ReedUITests.swift */,
				9DD9229423749D8E00313210 /* Info.plist */,
			);
			path = ReedUITests;
			sourceTree = "<group>";
		};
/* End PBXGroup section */

/* Begin PBXNativeTarget section */
		9DD9226C23749D8B00313210 /* Reed */ = {
			isa = PBXNativeTarget;
			buildConfigurationList = 9DD9229723749D8E00313210 /* Build configuration list for PBXNativeTarget "Reed" */;
			buildPhases = (
				9DD9226923749D8B00313210 /* Sources */,
				9DD9226A23749D8B00313210 /* Frameworks */,
				9DD9226B23749D8B00313210 /* Resources */,
			);
			buildRules = (
			);
			dependencies = (
			);
			name = Reed;
			packageProductDependencies = (
				9D27CF2823AC4B3700C9BA80 /* CancelBag */,
			);
			productName = Reed;
			productReference = 9DD9226D23749D8B00313210 /* Reed.app */;
			productType = "com.apple.product-type.application";
		};
		9DD9228223749D8E00313210 /* ReedTests */ = {
			isa = PBXNativeTarget;
			buildConfigurationList = 9DD9229A23749D8E00313210 /* Build configuration list for PBXNativeTarget "ReedTests" */;
			buildPhases = (
				9DD9227F23749D8E00313210 /* Sources */,
				9DD9228023749D8E00313210 /* Frameworks */,
				9DD9228123749D8E00313210 /* Resources */,
			);
			buildRules = (
			);
			dependencies = (
				9DD9228523749D8E00313210 /* PBXTargetDependency */,
			);
			name = ReedTests;
			productName = ReedTests;
			productReference = 9DD9228323749D8E00313210 /* ReedTests.xctest */;
			productType = "com.apple.product-type.bundle.unit-test";
		};
		9DD9228D23749D8E00313210 /* ReedUITests */ = {
			isa = PBXNativeTarget;
			buildConfigurationList = 9DD9229D23749D8E00313210 /* Build configuration list for PBXNativeTarget "ReedUITests" */;
			buildPhases = (
				9DD9228A23749D8E00313210 /* Sources */,
				9DD9228B23749D8E00313210 /* Frameworks */,
				9DD9228C23749D8E00313210 /* Resources */,
			);
			buildRules = (
			);
			dependencies = (
				9DD9229023749D8E00313210 /* PBXTargetDependency */,
			);
			name = ReedUITests;
			productName = ReedUITests;
			productReference = 9DD9228E23749D8E00313210 /* ReedUITests.xctest */;
			productType = "com.apple.product-type.bundle.ui-testing";
		};
/* End PBXNativeTarget section */

/* Begin PBXProject section */
		9DD9226523749D8B00313210 /* Project object */ = {
			isa = PBXProject;
			attributes = {
				LastSwiftUpdateCheck = 1110;
				LastUpgradeCheck = 1110;
				ORGANIZATIONNAME = "Raven Weitzel";
				TargetAttributes = {
					9DD9226C23749D8B00313210 = {
						CreatedOnToolsVersion = 11.1;
					};
					9DD9228223749D8E00313210 = {
						CreatedOnToolsVersion = 11.1;
						TestTargetID = 9DD9226C23749D8B00313210;
					};
					9DD9228D23749D8E00313210 = {
						CreatedOnToolsVersion = 11.1;
						TestTargetID = 9DD9226C23749D8B00313210;
					};
				};
			};
			buildConfigurationList = 9DD9226823749D8B00313210 /* Build configuration list for PBXProject "Reed" */;
			compatibilityVersion = "Xcode 9.3";
			developmentRegion = en;
			hasScannedForEncodings = 0;
			knownRegions = (
				en,
				Base,
			);
			mainGroup = 9DD9226423749D8B00313210;
			packageReferences = (
				9D27CF2723AC4B3700C9BA80 /* XCRemoteSwiftPackageReference "CancelBag" */,
			);
			productRefGroup = 9DD9226E23749D8B00313210 /* Products */;
			projectDirPath = "";
			projectRoot = "";
			targets = (
				9DD9226C23749D8B00313210 /* Reed */,
				9DD9228223749D8E00313210 /* ReedTests */,
				9DD9228D23749D8E00313210 /* ReedUITests */,
			);
		};
/* End PBXProject section */

/* Begin PBXResourcesBuildPhase section */
		9DD9226B23749D8B00313210 /* Resources */ = {
			isa = PBXResourcesBuildPhase;
			buildActionMask = 2147483647;
			files = (
				9DD9227D23749D8E00313210 /* LaunchScreen.storyboard in Resources */,
				9DD9227A23749D8E00313210 /* Preview Assets.xcassets in Resources */,
				9DD9227723749D8E00313210 /* Assets.xcassets in Resources */,
			);
			runOnlyForDeploymentPostprocessing = 0;
		};
		9DD9228123749D8E00313210 /* Resources */ = {
			isa = PBXResourcesBuildPhase;
			buildActionMask = 2147483647;
			files = (
			);
			runOnlyForDeploymentPostprocessing = 0;
		};
		9DD9228C23749D8E00313210 /* Resources */ = {
			isa = PBXResourcesBuildPhase;
			buildActionMask = 2147483647;
			files = (
			);
			runOnlyForDeploymentPostprocessing = 0;
		};
/* End PBXResourcesBuildPhase section */

/* Begin PBXSourcesBuildPhase section */
		9DD9226923749D8B00313210 /* Sources */ = {
			isa = PBXSourcesBuildPhase;
			buildActionMask = 2147483647;
			files = (
				9D01519923A98C4F002AD216 /* Manageable.swift in Sources */,
				9D01519223A84B7B002AD216 /* CodingUserInfoKey+Extension.swift in Sources */,
				9D9DCA7F2376284900BDEAE4 /* ReedHiddenNavBarView.swift in Sources */,
				9DD9227123749D8B00313210 /* AppDelegate.swift in Sources */,
				9D9DCA752375EA3E00BDEAE4 /* FeedView.swift in Sources */,
				9D2A120123C93E4D00086232 /* ArticleViewModel.swift in Sources */,
				9D9DCA712375E69600BDEAE4 /* SettingsView.swift in Sources */,
				9D2A120523C953B600086232 /* ArticleView.swift in Sources */,
				9DD9227323749D8B00313210 /* SceneDelegate.swift in Sources */,
				9D9DCA6F2374AAAF00BDEAE4 /* OnboardingView.swift in Sources */,
				9D9DCA6D2374AA9400BDEAE4 /* ReedTabsView.swift in Sources */,
				9D9DCA6B2374A7A800BDEAE4 /* UserSettings.swift in Sources */,
				9D2A11FF23C5369700086232 /* Safe.swift in Sources */,
				9D01519023A84698002AD216 /* String+Extension.swift in Sources */,
				9D27CF1D23AADAB900C9BA80 /* TopHeadlinesResponse.swift in Sources */,
				9D01518E23A81216002AD216 /* CoreDataStack.swift in Sources */,
				9D9DCA7B2375F73F00BDEAE4 /* View+Extension.swift in Sources */,
				9D2A120323C9437000086232 /* ArticleImage.swift in Sources */,
				9DD9227523749D8B00313210 /* ContentView.swift in Sources */,
				9D01517A23A0289B002AD216 /* ReedButton.swift in Sources */,
				9D01518823A8056F002AD216 /* Reed.xcdatamodeld in Sources */,
				9D01518023A40B79002AD216 /* NewsWebService.swift in Sources */,
				9D01519523A85685002AD216 /* FeedViewModel.swift in Sources */,
				9D27CF1B23AAB2A400C9BA80 /* FeedCell.swift in Sources */,
				9D27CF2423AC35BF00C9BA80 /* ReedViewModel.swift in Sources */,
				9D01518423A7FCEC002AD216 /* Agent.swift in Sources */,
				9D01518C23A8102B002AD216 /* Source.swift in Sources */,
				9D01518A23A80CE6002AD216 /* Article.swift in Sources */,
				9D9DCA732375EA2500BDEAE4 /* NewPostView.swift in Sources */,
				9D9DCA782375F2FC00BDEAE4 /* ReedNavigationLink.swift in Sources */,
			);
			runOnlyForDeploymentPostprocessing = 0;
		};
		9DD9227F23749D8E00313210 /* Sources */ = {
			isa = PBXSourcesBuildPhase;
			buildActionMask = 2147483647;
			files = (
				9DD9228823749D8E00313210 /* ReedTests.swift in Sources */,
			);
			runOnlyForDeploymentPostprocessing = 0;
		};
		9DD9228A23749D8E00313210 /* Sources */ = {
			isa = PBXSourcesBuildPhase;
			buildActionMask = 2147483647;
			files = (
				9DD9229323749D8E00313210 /* ReedUITests.swift in Sources */,
			);
			runOnlyForDeploymentPostprocessing = 0;
		};
/* End PBXSourcesBuildPhase section */

/* Begin PBXTargetDependency section */
		9DD9228523749D8E00313210 /* PBXTargetDependency */ = {
			isa = PBXTargetDependency;
			target = 9DD9226C23749D8B00313210 /* Reed */;
			targetProxy = 9DD9228423749D8E00313210 /* PBXContainerItemProxy */;
		};
		9DD9229023749D8E00313210 /* PBXTargetDependency */ = {
			isa = PBXTargetDependency;
			target = 9DD9226C23749D8B00313210 /* Reed */;
			targetProxy = 9DD9228F23749D8E00313210 /* PBXContainerItemProxy */;
		};
/* End PBXTargetDependency section */

/* Begin PBXVariantGroup section */
		9DD9227B23749D8E00313210 /* LaunchScreen.storyboard */ = {
			isa = PBXVariantGroup;
			children = (
				9DD9227C23749D8E00313210 /* Base */,
			);
			name = LaunchScreen.storyboard;
			sourceTree = "<group>";
		};
/* End PBXVariantGroup section */

/* Begin XCBuildConfiguration section */
		9DD9229523749D8E00313210 /* Debug */ = {
			isa = XCBuildConfiguration;
			buildSettings = {
				ALWAYS_SEARCH_USER_PATHS = NO;
				CLANG_ANALYZER_NONNULL = YES;
				CLANG_ANALYZER_NUMBER_OBJECT_CONVERSION = YES_AGGRESSIVE;
				CLANG_CXX_LANGUAGE_STANDARD = "gnu++14";
				CLANG_CXX_LIBRARY = "libc++";
				CLANG_ENABLE_MODULES = YES;
				CLANG_ENABLE_OBJC_ARC = YES;
				CLANG_ENABLE_OBJC_WEAK = YES;
				CLANG_WARN_BLOCK_CAPTURE_AUTORELEASING = YES;
				CLANG_WARN_BOOL_CONVERSION = YES;
				CLANG_WARN_COMMA = YES;
				CLANG_WARN_CONSTANT_CONVERSION = YES;
				CLANG_WARN_DEPRECATED_OBJC_IMPLEMENTATIONS = YES;
				CLANG_WARN_DIRECT_OBJC_ISA_USAGE = YES_ERROR;
				CLANG_WARN_DOCUMENTATION_COMMENTS = YES;
				CLANG_WARN_EMPTY_BODY = YES;
				CLANG_WARN_ENUM_CONVERSION = YES;
				CLANG_WARN_INFINITE_RECURSION = YES;
				CLANG_WARN_INT_CONVERSION = YES;
				CLANG_WARN_NON_LITERAL_NULL_CONVERSION = YES;
				CLANG_WARN_OBJC_IMPLICIT_RETAIN_SELF = YES;
				CLANG_WARN_OBJC_LITERAL_CONVERSION = YES;
				CLANG_WARN_OBJC_ROOT_CLASS = YES_ERROR;
				CLANG_WARN_RANGE_LOOP_ANALYSIS = YES;
				CLANG_WARN_STRICT_PROTOTYPES = YES;
				CLANG_WARN_SUSPICIOUS_MOVE = YES;
				CLANG_WARN_UNGUARDED_AVAILABILITY = YES_AGGRESSIVE;
				CLANG_WARN_UNREACHABLE_CODE = YES;
				CLANG_WARN__DUPLICATE_METHOD_MATCH = YES;
				COPY_PHASE_STRIP = NO;
				DEBUG_INFORMATION_FORMAT = dwarf;
				ENABLE_STRICT_OBJC_MSGSEND = YES;
				ENABLE_TESTABILITY = YES;
				GCC_C_LANGUAGE_STANDARD = gnu11;
				GCC_DYNAMIC_NO_PIC = NO;
				GCC_NO_COMMON_BLOCKS = YES;
				GCC_OPTIMIZATION_LEVEL = 0;
				GCC_PREPROCESSOR_DEFINITIONS = (
					"DEBUG=1",
					"$(inherited)",
				);
				GCC_WARN_64_TO_32_BIT_CONVERSION = YES;
				GCC_WARN_ABOUT_RETURN_TYPE = YES_ERROR;
				GCC_WARN_UNDECLARED_SELECTOR = YES;
				GCC_WARN_UNINITIALIZED_AUTOS = YES_AGGRESSIVE;
				GCC_WARN_UNUSED_FUNCTION = YES;
				GCC_WARN_UNUSED_VARIABLE = YES;
				IPHONEOS_DEPLOYMENT_TARGET = 13.1;
				MTL_ENABLE_DEBUG_INFO = INCLUDE_SOURCE;
				MTL_FAST_MATH = YES;
				ONLY_ACTIVE_ARCH = YES;
				SDKROOT = iphoneos;
				SWIFT_ACTIVE_COMPILATION_CONDITIONS = DEBUG;
				SWIFT_OPTIMIZATION_LEVEL = "-Onone";
			};
			name = Debug;
		};
		9DD9229623749D8E00313210 /* Release */ = {
			isa = XCBuildConfiguration;
			buildSettings = {
				ALWAYS_SEARCH_USER_PATHS = NO;
				CLANG_ANALYZER_NONNULL = YES;
				CLANG_ANALYZER_NUMBER_OBJECT_CONVERSION = YES_AGGRESSIVE;
				CLANG_CXX_LANGUAGE_STANDARD = "gnu++14";
				CLANG_CXX_LIBRARY = "libc++";
				CLANG_ENABLE_MODULES = YES;
				CLANG_ENABLE_OBJC_ARC = YES;
				CLANG_ENABLE_OBJC_WEAK = YES;
				CLANG_WARN_BLOCK_CAPTURE_AUTORELEASING = YES;
				CLANG_WARN_BOOL_CONVERSION = YES;
				CLANG_WARN_COMMA = YES;
				CLANG_WARN_CONSTANT_CONVERSION = YES;
				CLANG_WARN_DEPRECATED_OBJC_IMPLEMENTATIONS = YES;
				CLANG_WARN_DIRECT_OBJC_ISA_USAGE = YES_ERROR;
				CLANG_WARN_DOCUMENTATION_COMMENTS = YES;
				CLANG_WARN_EMPTY_BODY = YES;
				CLANG_WARN_ENUM_CONVERSION = YES;
				CLANG_WARN_INFINITE_RECURSION = YES;
				CLANG_WARN_INT_CONVERSION = YES;
				CLANG_WARN_NON_LITERAL_NULL_CONVERSION = YES;
				CLANG_WARN_OBJC_IMPLICIT_RETAIN_SELF = YES;
				CLANG_WARN_OBJC_LITERAL_CONVERSION = YES;
				CLANG_WARN_OBJC_ROOT_CLASS = YES_ERROR;
				CLANG_WARN_RANGE_LOOP_ANALYSIS = YES;
				CLANG_WARN_STRICT_PROTOTYPES = YES;
				CLANG_WARN_SUSPICIOUS_MOVE = YES;
				CLANG_WARN_UNGUARDED_AVAILABILITY = YES_AGGRESSIVE;
				CLANG_WARN_UNREACHABLE_CODE = YES;
				CLANG_WARN__DUPLICATE_METHOD_MATCH = YES;
				COPY_PHASE_STRIP = NO;
				DEBUG_INFORMATION_FORMAT = "dwarf-with-dsym";
				ENABLE_NS_ASSERTIONS = NO;
				ENABLE_STRICT_OBJC_MSGSEND = YES;
				GCC_C_LANGUAGE_STANDARD = gnu11;
				GCC_NO_COMMON_BLOCKS = YES;
				GCC_WARN_64_TO_32_BIT_CONVERSION = YES;
				GCC_WARN_ABOUT_RETURN_TYPE = YES_ERROR;
				GCC_WARN_UNDECLARED_SELECTOR = YES;
				GCC_WARN_UNINITIALIZED_AUTOS = YES_AGGRESSIVE;
				GCC_WARN_UNUSED_FUNCTION = YES;
				GCC_WARN_UNUSED_VARIABLE = YES;
				IPHONEOS_DEPLOYMENT_TARGET = 13.1;
				MTL_ENABLE_DEBUG_INFO = NO;
				MTL_FAST_MATH = YES;
				SDKROOT = iphoneos;
				SWIFT_COMPILATION_MODE = wholemodule;
				SWIFT_OPTIMIZATION_LEVEL = "-O";
				VALIDATE_PRODUCT = YES;
			};
			name = Release;
		};
		9DD9229823749D8E00313210 /* Debug */ = {
			isa = XCBuildConfiguration;
			buildSettings = {
				ASSETCATALOG_COMPILER_APPICON_NAME = AppIcon;
				CODE_SIGN_STYLE = Automatic;
				DEVELOPMENT_ASSET_PATHS = "\"Reed/resources/Preview Content\"";
				ENABLE_PREVIEWS = YES;
				INFOPLIST_FILE = Reed/resources/Info.plist;
				LD_RUNPATH_SEARCH_PATHS = (
					"$(inherited)",
					"@executable_path/Frameworks",
				);
				PRODUCT_BUNDLE_IDENTIFIER = com.bluebeam.Reed;
				PRODUCT_NAME = "$(TARGET_NAME)";
				SWIFT_VERSION = 5.0;
				TARGETED_DEVICE_FAMILY = "1,2";
			};
			name = Debug;
		};
		9DD9229923749D8E00313210 /* Release */ = {
			isa = XCBuildConfiguration;
			buildSettings = {
				ASSETCATALOG_COMPILER_APPICON_NAME = AppIcon;
				CODE_SIGN_STYLE = Automatic;
				DEVELOPMENT_ASSET_PATHS = "\"Reed/resources/Preview Content\"";
				ENABLE_PREVIEWS = YES;
				INFOPLIST_FILE = Reed/resources/Info.plist;
				LD_RUNPATH_SEARCH_PATHS = (
					"$(inherited)",
					"@executable_path/Frameworks",
				);
				PRODUCT_BUNDLE_IDENTIFIER = com.bluebeam.Reed;
				PRODUCT_NAME = "$(TARGET_NAME)";
				SWIFT_VERSION = 5.0;
				TARGETED_DEVICE_FAMILY = "1,2";
			};
			name = Release;
		};
		9DD9229B23749D8E00313210 /* Debug */ = {
			isa = XCBuildConfiguration;
			buildSettings = {
				ALWAYS_EMBED_SWIFT_STANDARD_LIBRARIES = YES;
				BUNDLE_LOADER = "$(TEST_HOST)";
				CODE_SIGN_STYLE = Automatic;
				INFOPLIST_FILE = ReedTests/Info.plist;
				IPHONEOS_DEPLOYMENT_TARGET = 13.1;
				LD_RUNPATH_SEARCH_PATHS = (
					"$(inherited)",
					"@executable_path/Frameworks",
					"@loader_path/Frameworks",
				);
				PRODUCT_BUNDLE_IDENTIFIER = com.bluebeam.ReedTests;
				PRODUCT_NAME = "$(TARGET_NAME)";
				SWIFT_VERSION = 5.0;
				TARGETED_DEVICE_FAMILY = "1,2";
				TEST_HOST = "$(BUILT_PRODUCTS_DIR)/Reed.app/Reed";
			};
			name = Debug;
		};
		9DD9229C23749D8E00313210 /* Release */ = {
			isa = XCBuildConfiguration;
			buildSettings = {
				ALWAYS_EMBED_SWIFT_STANDARD_LIBRARIES = YES;
				BUNDLE_LOADER = "$(TEST_HOST)";
				CODE_SIGN_STYLE = Automatic;
				INFOPLIST_FILE = ReedTests/Info.plist;
				IPHONEOS_DEPLOYMENT_TARGET = 13.1;
				LD_RUNPATH_SEARCH_PATHS = (
					"$(inherited)",
					"@executable_path/Frameworks",
					"@loader_path/Frameworks",
				);
				PRODUCT_BUNDLE_IDENTIFIER = com.bluebeam.ReedTests;
				PRODUCT_NAME = "$(TARGET_NAME)";
				SWIFT_VERSION = 5.0;
				TARGETED_DEVICE_FAMILY = "1,2";
				TEST_HOST = "$(BUILT_PRODUCTS_DIR)/Reed.app/Reed";
			};
			name = Release;
		};
		9DD9229E23749D8E00313210 /* Debug */ = {
			isa = XCBuildConfiguration;
			buildSettings = {
				ALWAYS_EMBED_SWIFT_STANDARD_LIBRARIES = YES;
				CODE_SIGN_STYLE = Automatic;
				INFOPLIST_FILE = ReedUITests/Info.plist;
				LD_RUNPATH_SEARCH_PATHS = (
					"$(inherited)",
					"@executable_path/Frameworks",
					"@loader_path/Frameworks",
				);
				PRODUCT_BUNDLE_IDENTIFIER = com.bluebeam.ReedUITests;
				PRODUCT_NAME = "$(TARGET_NAME)";
				SWIFT_VERSION = 5.0;
				TARGETED_DEVICE_FAMILY = "1,2";
				TEST_TARGET_NAME = Reed;
			};
			name = Debug;
		};
		9DD9229F23749D8E00313210 /* Release */ = {
			isa = XCBuildConfiguration;
			buildSettings = {
				ALWAYS_EMBED_SWIFT_STANDARD_LIBRARIES = YES;
				CODE_SIGN_STYLE = Automatic;
				INFOPLIST_FILE = ReedUITests/Info.plist;
				LD_RUNPATH_SEARCH_PATHS = (
					"$(inherited)",
					"@executable_path/Frameworks",
					"@loader_path/Frameworks",
				);
				PRODUCT_BUNDLE_IDENTIFIER = com.bluebeam.ReedUITests;
				PRODUCT_NAME = "$(TARGET_NAME)";
				SWIFT_VERSION = 5.0;
				TARGETED_DEVICE_FAMILY = "1,2";
				TEST_TARGET_NAME = Reed;
			};
			name = Release;
		};
/* End XCBuildConfiguration section */

/* Begin XCConfigurationList section */
		9DD9226823749D8B00313210 /* Build configuration list for PBXProject "Reed" */ = {
			isa = XCConfigurationList;
			buildConfigurations = (
				9DD9229523749D8E00313210 /* Debug */,
				9DD9229623749D8E00313210 /* Release */,
			);
			defaultConfigurationIsVisible = 0;
			defaultConfigurationName = Release;
		};
		9DD9229723749D8E00313210 /* Build configuration list for PBXNativeTarget "Reed" */ = {
			isa = XCConfigurationList;
			buildConfigurations = (
				9DD9229823749D8E00313210 /* Debug */,
				9DD9229923749D8E00313210 /* Release */,
			);
			defaultConfigurationIsVisible = 0;
			defaultConfigurationName = Release;
		};
		9DD9229A23749D8E00313210 /* Build configuration list for PBXNativeTarget "ReedTests" */ = {
			isa = XCConfigurationList;
			buildConfigurations = (
				9DD9229B23749D8E00313210 /* Debug */,
				9DD9229C23749D8E00313210 /* Release */,
			);
			defaultConfigurationIsVisible = 0;
			defaultConfigurationName = Release;
		};
		9DD9229D23749D8E00313210 /* Build configuration list for PBXNativeTarget "ReedUITests" */ = {
			isa = XCConfigurationList;
			buildConfigurations = (
				9DD9229E23749D8E00313210 /* Debug */,
				9DD9229F23749D8E00313210 /* Release */,
			);
			defaultConfigurationIsVisible = 0;
			defaultConfigurationName = Release;
		};
/* End XCConfigurationList section */

/* Begin XCRemoteSwiftPackageReference section */
		9D27CF2723AC4B3700C9BA80 /* XCRemoteSwiftPackageReference "CancelBag" */ = {
			isa = XCRemoteSwiftPackageReference;
			repositoryURL = "https://github.com/devxoul/CancelBag";
			requirement = {
				kind = upToNextMajorVersion;
				minimumVersion = 1.0.0;
			};
		};
/* End XCRemoteSwiftPackageReference section */

/* Begin XCSwiftPackageProductDependency section */
		9D27CF2823AC4B3700C9BA80 /* CancelBag */ = {
			isa = XCSwiftPackageProductDependency;
			package = 9D27CF2723AC4B3700C9BA80 /* XCRemoteSwiftPackageReference "CancelBag" */;
			productName = CancelBag;
		};
/* End XCSwiftPackageProductDependency section */

/* Begin XCVersionGroup section */
		9D01518623A8056F002AD216 /* Reed.xcdatamodeld */ = {
			isa = XCVersionGroup;
			children = (
				9D01518723A8056F002AD216 /* Model.xcdatamodel */,
			);
			currentVersion = 9D01518723A8056F002AD216 /* Model.xcdatamodel */;
			path = Reed.xcdatamodeld;
			sourceTree = "<group>";
			versionGroupType = wrapper.xcdatamodel;
		};
/* End XCVersionGroup section */
	};
	rootObject = 9DD9226523749D8B00313210 /* Project object */;
}
